// !$*UTF8*$!
{
	archiveVersion = 1;
	classes = {
	};
	objectVersion = 56;
	objects = {

/* Begin PBXBuildFile section */
		A62E3D812C0DCEFB002411B8 /* AllItemsView.swift in Sources */ = {isa = PBXBuildFile; fileRef = A62E3D802C0DCEFB002411B8 /* AllItemsView.swift */; };
		B71EEE142C08BB7200D0A0D8 /* RealmSwift in Frameworks */ = {isa = PBXBuildFile; productRef = B71EEE132C08BB7200D0A0D8 /* RealmSwift */; };
		B71EEE162C08BB7200D0A0D8 /* RealmSwift in Embed Frameworks */ = {isa = PBXBuildFile; productRef = B71EEE132C08BB7200D0A0D8 /* RealmSwift */; settings = {ATTRIBUTES = (CodeSignOnCopy, ); }; };
		B72AD0422C08B9AA0002C903 /* IOS_UW_MarketplaceApp.swift in Sources */ = {isa = PBXBuildFile; fileRef = B72AD0412C08B9AA0002C903 /* IOS_UW_MarketplaceApp.swift */; };
		B72AD0462C08B9AB0002C903 /* Assets.xcassets in Resources */ = {isa = PBXBuildFile; fileRef = B72AD0452C08B9AB0002C903 /* Assets.xcassets */; };
		B72AD0492C08B9AB0002C903 /* Preview Assets.xcassets in Resources */ = {isa = PBXBuildFile; fileRef = B72AD0482C08B9AB0002C903 /* Preview Assets.xcassets */; };
		B72AD0532C08B9AB0002C903 /* IOS_UW_MarketplaceTests.swift in Sources */ = {isa = PBXBuildFile; fileRef = B72AD0522C08B9AB0002C903 /* IOS_UW_MarketplaceTests.swift */; };
		B72AD05D2C08B9AB0002C903 /* IOS_UW_MarketplaceUITests.swift in Sources */ = {isa = PBXBuildFile; fileRef = B72AD05C2C08B9AB0002C903 /* IOS_UW_MarketplaceUITests.swift */; };
		B72AD05F2C08B9AB0002C903 /* IOS_UW_MarketplaceUITestsLaunchTests.swift in Sources */ = {isa = PBXBuildFile; fileRef = B72AD05E2C08B9AB0002C903 /* IOS_UW_MarketplaceUITestsLaunchTests.swift */; };
		B72AD0712C08B9CD0002C903 /* SellView.swift in Sources */ = {isa = PBXBuildFile; fileRef = B72AD06C2C08B9CD0002C903 /* SellView.swift */; };
		B73B7FE22C0DEEED00A7366F /* MainView.swift in Sources */ = {isa = PBXBuildFile; fileRef = B73B7FE12C0DEEED00A7366F /* MainView.swift */; };
		B762FC892C0EAE0400B2B0DB /* SellerProfileView.swift in Sources */ = {isa = PBXBuildFile; fileRef = B762FC882C0EAE0400B2B0DB /* SellerProfileView.swift */; };
		B78911F92C0C4FF800F030A9 /* LoginView.swift in Sources */ = {isa = PBXBuildFile; fileRef = B78911F82C0C4FF800F030A9 /* LoginView.swift */; };
		B78911FC2C0C540C00F030A9 /* AppDelegate.swift in Sources */ = {isa = PBXBuildFile; fileRef = B78911FB2C0C540C00F030A9 /* AppDelegate.swift */; };
		B78912002C0C5F1600F030A9 /* UserProfileView.swift in Sources */ = {isa = PBXBuildFile; fileRef = B78911FF2C0C5F1600F030A9 /* UserProfileView.swift */; };
		B78912052C0C77F700F030A9 /* MSAL in Frameworks */ = {isa = PBXBuildFile; productRef = B78912042C0C77F700F030A9 /* MSAL */; };
/* End PBXBuildFile section */

/* Begin PBXContainerItemProxy section */
		B72AD04F2C08B9AB0002C903 /* PBXContainerItemProxy */ = {
			isa = PBXContainerItemProxy;
			containerPortal = B72AD0362C08B9AA0002C903 /* Project object */;
			proxyType = 1;
			remoteGlobalIDString = B72AD03D2C08B9AA0002C903;
			remoteInfo = "IOS UW Marketplace";
		};
		B72AD0592C08B9AB0002C903 /* PBXContainerItemProxy */ = {
			isa = PBXContainerItemProxy;
			containerPortal = B72AD0362C08B9AA0002C903 /* Project object */;
			proxyType = 1;
			remoteGlobalIDString = B72AD03D2C08B9AA0002C903;
			remoteInfo = "IOS UW Marketplace";
		};
/* End PBXContainerItemProxy section */

/* Begin PBXCopyFilesBuildPhase section */
		B71EEE152C08BB7200D0A0D8 /* Embed Frameworks */ = {
			isa = PBXCopyFilesBuildPhase;
			buildActionMask = 2147483647;
			dstPath = "";
			dstSubfolderSpec = 10;
			files = (
				B71EEE162C08BB7200D0A0D8 /* RealmSwift in Embed Frameworks */,
			);
			name = "Embed Frameworks";
			runOnlyForDeploymentPostprocessing = 0;
		};
		B72AD07D2C08BB0B0002C903 /* Embed Frameworks */ = {
			isa = PBXCopyFilesBuildPhase;
			buildActionMask = 2147483647;
			dstPath = "";
			dstSubfolderSpec = 10;
			files = (
			);
			name = "Embed Frameworks";
			runOnlyForDeploymentPostprocessing = 0;
		};
/* End PBXCopyFilesBuildPhase section */

/* Begin PBXFileReference section */
		A62E3D802C0DCEFB002411B8 /* AllItemsView.swift */ = {isa = PBXFileReference; lastKnownFileType = sourcecode.swift; path = AllItemsView.swift; sourceTree = "<group>"; };
		B72AD03E2C08B9AA0002C903 /* IOS UW Marketplace.app */ = {isa = PBXFileReference; explicitFileType = wrapper.application; includeInIndex = 0; path = "IOS UW Marketplace.app"; sourceTree = BUILT_PRODUCTS_DIR; };
		B72AD0412C08B9AA0002C903 /* IOS_UW_MarketplaceApp.swift */ = {isa = PBXFileReference; lastKnownFileType = sourcecode.swift; path = IOS_UW_MarketplaceApp.swift; sourceTree = "<group>"; };
		B72AD0452C08B9AB0002C903 /* Assets.xcassets */ = {isa = PBXFileReference; lastKnownFileType = folder.assetcatalog; path = Assets.xcassets; sourceTree = "<group>"; };
		B72AD0482C08B9AB0002C903 /* Preview Assets.xcassets */ = {isa = PBXFileReference; lastKnownFileType = folder.assetcatalog; path = "Preview Assets.xcassets"; sourceTree = "<group>"; };
		B72AD04E2C08B9AB0002C903 /* IOS UW MarketplaceTests.xctest */ = {isa = PBXFileReference; explicitFileType = wrapper.cfbundle; includeInIndex = 0; path = "IOS UW MarketplaceTests.xctest"; sourceTree = BUILT_PRODUCTS_DIR; };
		B72AD0522C08B9AB0002C903 /* IOS_UW_MarketplaceTests.swift */ = {isa = PBXFileReference; lastKnownFileType = sourcecode.swift; path = IOS_UW_MarketplaceTests.swift; sourceTree = "<group>"; };
		B72AD0582C08B9AB0002C903 /* IOS UW MarketplaceUITests.xctest */ = {isa = PBXFileReference; explicitFileType = wrapper.cfbundle; includeInIndex = 0; path = "IOS UW MarketplaceUITests.xctest"; sourceTree = BUILT_PRODUCTS_DIR; };
		B72AD05C2C08B9AB0002C903 /* IOS_UW_MarketplaceUITests.swift */ = {isa = PBXFileReference; lastKnownFileType = sourcecode.swift; path = IOS_UW_MarketplaceUITests.swift; sourceTree = "<group>"; };
		B72AD05E2C08B9AB0002C903 /* IOS_UW_MarketplaceUITestsLaunchTests.swift */ = {isa = PBXFileReference; lastKnownFileType = sourcecode.swift; path = IOS_UW_MarketplaceUITestsLaunchTests.swift; sourceTree = "<group>"; };
		B72AD06C2C08B9CD0002C903 /* SellView.swift */ = {isa = PBXFileReference; fileEncoding = 4; lastKnownFileType = sourcecode.swift; path = SellView.swift; sourceTree = "<group>"; };
		B73B7FE12C0DEEED00A7366F /* MainView.swift */ = {isa = PBXFileReference; lastKnownFileType = sourcecode.swift; path = MainView.swift; sourceTree = "<group>"; };
		B762FC882C0EAE0400B2B0DB /* SellerProfileView.swift */ = {isa = PBXFileReference; lastKnownFileType = sourcecode.swift; path = SellerProfileView.swift; sourceTree = "<group>"; };
		B78911F82C0C4FF800F030A9 /* LoginView.swift */ = {isa = PBXFileReference; lastKnownFileType = sourcecode.swift; path = LoginView.swift; sourceTree = "<group>"; };
		B78911FA2C0C510C00F030A9 /* IOS-UW-Marketplace-Info.plist */ = {isa = PBXFileReference; lastKnownFileType = text.plist; path = "IOS-UW-Marketplace-Info.plist"; sourceTree = SOURCE_ROOT; };
		B78911FB2C0C540C00F030A9 /* AppDelegate.swift */ = {isa = PBXFileReference; lastKnownFileType = sourcecode.swift; path = AppDelegate.swift; sourceTree = "<group>"; };
		B78911FF2C0C5F1600F030A9 /* UserProfileView.swift */ = {isa = PBXFileReference; lastKnownFileType = sourcecode.swift; path = UserProfileView.swift; sourceTree = "<group>"; };
/* End PBXFileReference section */

/* Begin PBXFrameworksBuildPhase section */
		B72AD03B2C08B9AA0002C903 /* Frameworks */ = {
			isa = PBXFrameworksBuildPhase;
			buildActionMask = 2147483647;
			files = (
				B71EEE142C08BB7200D0A0D8 /* RealmSwift in Frameworks */,
				B78912052C0C77F700F030A9 /* MSAL in Frameworks */,
			);
			runOnlyForDeploymentPostprocessing = 0;
		};
		B72AD04B2C08B9AB0002C903 /* Frameworks */ = {
			isa = PBXFrameworksBuildPhase;
			buildActionMask = 2147483647;
			files = (
			);
			runOnlyForDeploymentPostprocessing = 0;
		};
		B72AD0552C08B9AB0002C903 /* Frameworks */ = {
			isa = PBXFrameworksBuildPhase;
			buildActionMask = 2147483647;
			files = (
			);
			runOnlyForDeploymentPostprocessing = 0;
		};
/* End PBXFrameworksBuildPhase section */

/* Begin PBXGroup section */
		B72AD0352C08B9AA0002C903 = {
			isa = PBXGroup;
			children = (
				B72AD0402C08B9AA0002C903 /* IOS UW Marketplace */,
				B72AD0512C08B9AB0002C903 /* IOS UW MarketplaceTests */,
				B72AD05B2C08B9AB0002C903 /* IOS UW MarketplaceUITests */,
				B72AD03F2C08B9AA0002C903 /* Products */,
				B72AD07A2C08BB0B0002C903 /* Frameworks */,
			);
			sourceTree = "<group>";
		};
		B72AD03F2C08B9AA0002C903 /* Products */ = {
			isa = PBXGroup;
			children = (
				B72AD03E2C08B9AA0002C903 /* IOS UW Marketplace.app */,
				B72AD04E2C08B9AB0002C903 /* IOS UW MarketplaceTests.xctest */,
				B72AD0582C08B9AB0002C903 /* IOS UW MarketplaceUITests.xctest */,
			);
			name = Products;
			sourceTree = "<group>";
		};
		B72AD0402C08B9AA0002C903 /* IOS UW Marketplace */ = {
			isa = PBXGroup;
			children = (
				B78911FA2C0C510C00F030A9 /* IOS-UW-Marketplace-Info.plist */,
				B72AD0412C08B9AA0002C903 /* IOS_UW_MarketplaceApp.swift */,
				B73B7FE12C0DEEED00A7366F /* MainView.swift */,
				B78911F82C0C4FF800F030A9 /* LoginView.swift */,
				B78911FB2C0C540C00F030A9 /* AppDelegate.swift */,
				B72AD06C2C08B9CD0002C903 /* SellView.swift */,
				B78911FF2C0C5F1600F030A9 /* UserProfileView.swift */,
				A62E3D802C0DCEFB002411B8 /* AllItemsView.swift */,
				B762FC882C0EAE0400B2B0DB /* SellerProfileView.swift */,
				B72AD0452C08B9AB0002C903 /* Assets.xcassets */,
				B72AD0472C08B9AB0002C903 /* Preview Content */,
			);
			path = "IOS UW Marketplace";
			sourceTree = "<group>";
		};
		B72AD0472C08B9AB0002C903 /* Preview Content */ = {
			isa = PBXGroup;
			children = (
				B72AD0482C08B9AB0002C903 /* Preview Assets.xcassets */,
			);
			path = "Preview Content";
			sourceTree = "<group>";
		};
		B72AD0512C08B9AB0002C903 /* IOS UW MarketplaceTests */ = {
			isa = PBXGroup;
			children = (
				B72AD0522C08B9AB0002C903 /* IOS_UW_MarketplaceTests.swift */,
			);
			path = "IOS UW MarketplaceTests";
			sourceTree = "<group>";
		};
		B72AD05B2C08B9AB0002C903 /* IOS UW MarketplaceUITests */ = {
			isa = PBXGroup;
			children = (
				B72AD05C2C08B9AB0002C903 /* IOS_UW_MarketplaceUITests.swift */,
				B72AD05E2C08B9AB0002C903 /* IOS_UW_MarketplaceUITestsLaunchTests.swift */,
			);
			path = "IOS UW MarketplaceUITests";
			sourceTree = "<group>";
		};
		B72AD07A2C08BB0B0002C903 /* Frameworks */ = {
			isa = PBXGroup;
			children = (
			);
			name = Frameworks;
			sourceTree = "<group>";
		};
/* End PBXGroup section */

/* Begin PBXNativeTarget section */
		B72AD03D2C08B9AA0002C903 /* IOS UW Marketplace */ = {
			isa = PBXNativeTarget;
			buildConfigurationList = B72AD0622C08B9AB0002C903 /* Build configuration list for PBXNativeTarget "IOS UW Marketplace" */;
			buildPhases = (
				B72AD03A2C08B9AA0002C903 /* Sources */,
				B72AD03B2C08B9AA0002C903 /* Frameworks */,
				B72AD03C2C08B9AA0002C903 /* Resources */,
				B71EEE152C08BB7200D0A0D8 /* Embed Frameworks */,
			);
			buildRules = (
			);
			dependencies = (
			);
			name = "IOS UW Marketplace";
			packageProductDependencies = (
				B71EEE132C08BB7200D0A0D8 /* RealmSwift */,
				B78912042C0C77F700F030A9 /* MSAL */,
			);
			productName = "IOS UW Marketplace";
			productReference = B72AD03E2C08B9AA0002C903 /* IOS UW Marketplace.app */;
			productType = "com.apple.product-type.application";
		};
		B72AD04D2C08B9AB0002C903 /* IOS UW MarketplaceTests */ = {
			isa = PBXNativeTarget;
			buildConfigurationList = B72AD0652C08B9AB0002C903 /* Build configuration list for PBXNativeTarget "IOS UW MarketplaceTests" */;
			buildPhases = (
				B72AD04A2C08B9AB0002C903 /* Sources */,
				B72AD04B2C08B9AB0002C903 /* Frameworks */,
				B72AD04C2C08B9AB0002C903 /* Resources */,
				B72AD07D2C08BB0B0002C903 /* Embed Frameworks */,
			);
			buildRules = (
			);
			dependencies = (
				B72AD0502C08B9AB0002C903 /* PBXTargetDependency */,
			);
			name = "IOS UW MarketplaceTests";
			packageProductDependencies = (
			);
			productName = "IOS UW MarketplaceTests";
			productReference = B72AD04E2C08B9AB0002C903 /* IOS UW MarketplaceTests.xctest */;
			productType = "com.apple.product-type.bundle.unit-test";
		};
		B72AD0572C08B9AB0002C903 /* IOS UW MarketplaceUITests */ = {
			isa = PBXNativeTarget;
			buildConfigurationList = B72AD0682C08B9AB0002C903 /* Build configuration list for PBXNativeTarget "IOS UW MarketplaceUITests" */;
			buildPhases = (
				B72AD0542C08B9AB0002C903 /* Sources */,
				B72AD0552C08B9AB0002C903 /* Frameworks */,
				B72AD0562C08B9AB0002C903 /* Resources */,
			);
			buildRules = (
			);
			dependencies = (
				B72AD05A2C08B9AB0002C903 /* PBXTargetDependency */,
			);
			name = "IOS UW MarketplaceUITests";
			productName = "IOS UW MarketplaceUITests";
			productReference = B72AD0582C08B9AB0002C903 /* IOS UW MarketplaceUITests.xctest */;
			productType = "com.apple.product-type.bundle.ui-testing";
		};
/* End PBXNativeTarget section */

/* Begin PBXProject section */
		B72AD0362C08B9AA0002C903 /* Project object */ = {
			isa = PBXProject;
			attributes = {
				BuildIndependentTargetsInParallel = 1;
				LastSwiftUpdateCheck = 1540;
				LastUpgradeCheck = 1540;
				TargetAttributes = {
					B72AD03D2C08B9AA0002C903 = {
						CreatedOnToolsVersion = 15.4;
					};
					B72AD04D2C08B9AB0002C903 = {
						CreatedOnToolsVersion = 15.4;
						TestTargetID = B72AD03D2C08B9AA0002C903;
					};
					B72AD0572C08B9AB0002C903 = {
						CreatedOnToolsVersion = 15.4;
						TestTargetID = B72AD03D2C08B9AA0002C903;
					};
				};
			};
			buildConfigurationList = B72AD0392C08B9AA0002C903 /* Build configuration list for PBXProject "IOS UW Marketplace" */;
			compatibilityVersion = "Xcode 14.0";
			developmentRegion = en;
			hasScannedForEncodings = 0;
			knownRegions = (
				en,
				Base,
			);
			mainGroup = B72AD0352C08B9AA0002C903;
			packageReferences = (
				B72AD0752C08BAA40002C903 /* XCRemoteSwiftPackageReference "realm-swift" */,
				B78912032C0C77F700F030A9 /* XCRemoteSwiftPackageReference "microsoft-authentication-library-for-objc" */,
				A62E3D7D2C0D5B65002411B8 /* XCRemoteSwiftPackageReference "mongo-swift-driver" */,
			);
			productRefGroup = B72AD03F2C08B9AA0002C903 /* Products */;
			projectDirPath = "";
			projectRoot = "";
			targets = (
				B72AD03D2C08B9AA0002C903 /* IOS UW Marketplace */,
				B72AD04D2C08B9AB0002C903 /* IOS UW MarketplaceTests */,
				B72AD0572C08B9AB0002C903 /* IOS UW MarketplaceUITests */,
			);
		};
/* End PBXProject section */

/* Begin PBXResourcesBuildPhase section */
		B72AD03C2C08B9AA0002C903 /* Resources */ = {
			isa = PBXResourcesBuildPhase;
			buildActionMask = 2147483647;
			files = (
				B72AD0492C08B9AB0002C903 /* Preview Assets.xcassets in Resources */,
				B72AD0462C08B9AB0002C903 /* Assets.xcassets in Resources */,
			);
			runOnlyForDeploymentPostprocessing = 0;
		};
		B72AD04C2C08B9AB0002C903 /* Resources */ = {
			isa = PBXResourcesBuildPhase;
			buildActionMask = 2147483647;
			files = (
			);
			runOnlyForDeploymentPostprocessing = 0;
		};
		B72AD0562C08B9AB0002C903 /* Resources */ = {
			isa = PBXResourcesBuildPhase;
			buildActionMask = 2147483647;
			files = (
			);
			runOnlyForDeploymentPostprocessing = 0;
		};
/* End PBXResourcesBuildPhase section */

/* Begin PBXSourcesBuildPhase section */
		B72AD03A2C08B9AA0002C903 /* Sources */ = {
			isa = PBXSourcesBuildPhase;
			buildActionMask = 2147483647;
			files = (
				B78912002C0C5F1600F030A9 /* UserProfileView.swift in Sources */,
				B73B7FE22C0DEEED00A7366F /* MainView.swift in Sources */,
				A62E3D812C0DCEFB002411B8 /* AllItemsView.swift in Sources */,
				B78911F92C0C4FF800F030A9 /* LoginView.swift in Sources */,
				B72AD0712C08B9CD0002C903 /* SellView.swift in Sources */,
				B762FC892C0EAE0400B2B0DB /* SellerProfileView.swift in Sources */,
				B78911FC2C0C540C00F030A9 /* AppDelegate.swift in Sources */,
				B72AD0422C08B9AA0002C903 /* IOS_UW_MarketplaceApp.swift in Sources */,
			);
			runOnlyForDeploymentPostprocessing = 0;
		};
		B72AD04A2C08B9AB0002C903 /* Sources */ = {
			isa = PBXSourcesBuildPhase;
			buildActionMask = 2147483647;
			files = (
				B72AD0532C08B9AB0002C903 /* IOS_UW_MarketplaceTests.swift in Sources */,
			);
			runOnlyForDeploymentPostprocessing = 0;
		};
		B72AD0542C08B9AB0002C903 /* Sources */ = {
			isa = PBXSourcesBuildPhase;
			buildActionMask = 2147483647;
			files = (
				B72AD05F2C08B9AB0002C903 /* IOS_UW_MarketplaceUITestsLaunchTests.swift in Sources */,
				B72AD05D2C08B9AB0002C903 /* IOS_UW_MarketplaceUITests.swift in Sources */,
			);
			runOnlyForDeploymentPostprocessing = 0;
		};
/* End PBXSourcesBuildPhase section */

/* Begin PBXTargetDependency section */
		B72AD0502C08B9AB0002C903 /* PBXTargetDependency */ = {
			isa = PBXTargetDependency;
			target = B72AD03D2C08B9AA0002C903 /* IOS UW Marketplace */;
			targetProxy = B72AD04F2C08B9AB0002C903 /* PBXContainerItemProxy */;
		};
		B72AD05A2C08B9AB0002C903 /* PBXTargetDependency */ = {
			isa = PBXTargetDependency;
			target = B72AD03D2C08B9AA0002C903 /* IOS UW Marketplace */;
			targetProxy = B72AD0592C08B9AB0002C903 /* PBXContainerItemProxy */;
		};
/* End PBXTargetDependency section */

/* Begin XCBuildConfiguration section */
		B72AD0602C08B9AB0002C903 /* Debug */ = {
			isa = XCBuildConfiguration;
			buildSettings = {
				ALWAYS_SEARCH_USER_PATHS = NO;
				ASSETCATALOG_COMPILER_GENERATE_SWIFT_ASSET_SYMBOL_EXTENSIONS = YES;
				CLANG_ANALYZER_NONNULL = YES;
				CLANG_ANALYZER_NUMBER_OBJECT_CONVERSION = YES_AGGRESSIVE;
				CLANG_CXX_LANGUAGE_STANDARD = "gnu++20";
				CLANG_ENABLE_MODULES = YES;
				CLANG_ENABLE_OBJC_ARC = YES;
				CLANG_ENABLE_OBJC_WEAK = YES;
				CLANG_WARN_BLOCK_CAPTURE_AUTORELEASING = YES;
				CLANG_WARN_BOOL_CONVERSION = YES;
				CLANG_WARN_COMMA = YES;
				CLANG_WARN_CONSTANT_CONVERSION = YES;
				CLANG_WARN_DEPRECATED_OBJC_IMPLEMENTATIONS = YES;
				CLANG_WARN_DIRECT_OBJC_ISA_USAGE = YES_ERROR;
				CLANG_WARN_DOCUMENTATION_COMMENTS = YES;
				CLANG_WARN_EMPTY_BODY = YES;
				CLANG_WARN_ENUM_CONVERSION = YES;
				CLANG_WARN_INFINITE_RECURSION = YES;
				CLANG_WARN_INT_CONVERSION = YES;
				CLANG_WARN_NON_LITERAL_NULL_CONVERSION = YES;
				CLANG_WARN_OBJC_IMPLICIT_RETAIN_SELF = YES;
				CLANG_WARN_OBJC_LITERAL_CONVERSION = YES;
				CLANG_WARN_OBJC_ROOT_CLASS = YES_ERROR;
				CLANG_WARN_QUOTED_INCLUDE_IN_FRAMEWORK_HEADER = YES;
				CLANG_WARN_RANGE_LOOP_ANALYSIS = YES;
				CLANG_WARN_STRICT_PROTOTYPES = YES;
				CLANG_WARN_SUSPICIOUS_MOVE = YES;
				CLANG_WARN_UNGUARDED_AVAILABILITY = YES_AGGRESSIVE;
				CLANG_WARN_UNREACHABLE_CODE = YES;
				CLANG_WARN__DUPLICATE_METHOD_MATCH = YES;
				COPY_PHASE_STRIP = NO;
				DEBUG_INFORMATION_FORMAT = dwarf;
				ENABLE_STRICT_OBJC_MSGSEND = YES;
				ENABLE_TESTABILITY = YES;
				ENABLE_USER_SCRIPT_SANDBOXING = YES;
				GCC_C_LANGUAGE_STANDARD = gnu17;
				GCC_DYNAMIC_NO_PIC = NO;
				GCC_NO_COMMON_BLOCKS = YES;
				GCC_OPTIMIZATION_LEVEL = 0;
				GCC_PREPROCESSOR_DEFINITIONS = (
					"DEBUG=1",
					"$(inherited)",
				);
				GCC_WARN_64_TO_32_BIT_CONVERSION = YES;
				GCC_WARN_ABOUT_RETURN_TYPE = YES_ERROR;
				GCC_WARN_UNDECLARED_SELECTOR = YES;
				GCC_WARN_UNINITIALIZED_AUTOS = YES_AGGRESSIVE;
				GCC_WARN_UNUSED_FUNCTION = YES;
				GCC_WARN_UNUSED_VARIABLE = YES;
				IPHONEOS_DEPLOYMENT_TARGET = 17.5;
				LOCALIZATION_PREFERS_STRING_CATALOGS = YES;
				MTL_ENABLE_DEBUG_INFO = INCLUDE_SOURCE;
				MTL_FAST_MATH = YES;
				ONLY_ACTIVE_ARCH = YES;
				SDKROOT = iphoneos;
				SWIFT_ACTIVE_COMPILATION_CONDITIONS = "DEBUG $(inherited)";
				SWIFT_OPTIMIZATION_LEVEL = "-Onone";
			};
			name = Debug;
		};
		B72AD0612C08B9AB0002C903 /* Release */ = {
			isa = XCBuildConfiguration;
			buildSettings = {
				ALWAYS_SEARCH_USER_PATHS = NO;
				ASSETCATALOG_COMPILER_GENERATE_SWIFT_ASSET_SYMBOL_EXTENSIONS = YES;
				CLANG_ANALYZER_NONNULL = YES;
				CLANG_ANALYZER_NUMBER_OBJECT_CONVERSION = YES_AGGRESSIVE;
				CLANG_CXX_LANGUAGE_STANDARD = "gnu++20";
				CLANG_ENABLE_MODULES = YES;
				CLANG_ENABLE_OBJC_ARC = YES;
				CLANG_ENABLE_OBJC_WEAK = YES;
				CLANG_WARN_BLOCK_CAPTURE_AUTORELEASING = YES;
				CLANG_WARN_BOOL_CONVERSION = YES;
				CLANG_WARN_COMMA = YES;
				CLANG_WARN_CONSTANT_CONVERSION = YES;
				CLANG_WARN_DEPRECATED_OBJC_IMPLEMENTATIONS = YES;
				CLANG_WARN_DIRECT_OBJC_ISA_USAGE = YES_ERROR;
				CLANG_WARN_DOCUMENTATION_COMMENTS = YES;
				CLANG_WARN_EMPTY_BODY = YES;
				CLANG_WARN_ENUM_CONVERSION = YES;
				CLANG_WARN_INFINITE_RECURSION = YES;
				CLANG_WARN_INT_CONVERSION = YES;
				CLANG_WARN_NON_LITERAL_NULL_CONVERSION = YES;
				CLANG_WARN_OBJC_IMPLICIT_RETAIN_SELF = YES;
				CLANG_WARN_OBJC_LITERAL_CONVERSION = YES;
				CLANG_WARN_OBJC_ROOT_CLASS = YES_ERROR;
				CLANG_WARN_QUOTED_INCLUDE_IN_FRAMEWORK_HEADER = YES;
				CLANG_WARN_RANGE_LOOP_ANALYSIS = YES;
				CLANG_WARN_STRICT_PROTOTYPES = YES;
				CLANG_WARN_SUSPICIOUS_MOVE = YES;
				CLANG_WARN_UNGUARDED_AVAILABILITY = YES_AGGRESSIVE;
				CLANG_WARN_UNREACHABLE_CODE = YES;
				CLANG_WARN__DUPLICATE_METHOD_MATCH = YES;
				COPY_PHASE_STRIP = NO;
				DEBUG_INFORMATION_FORMAT = "dwarf-with-dsym";
				ENABLE_NS_ASSERTIONS = NO;
				ENABLE_STRICT_OBJC_MSGSEND = YES;
				ENABLE_USER_SCRIPT_SANDBOXING = YES;
				GCC_C_LANGUAGE_STANDARD = gnu17;
				GCC_NO_COMMON_BLOCKS = YES;
				GCC_WARN_64_TO_32_BIT_CONVERSION = YES;
				GCC_WARN_ABOUT_RETURN_TYPE = YES_ERROR;
				GCC_WARN_UNDECLARED_SELECTOR = YES;
				GCC_WARN_UNINITIALIZED_AUTOS = YES_AGGRESSIVE;
				GCC_WARN_UNUSED_FUNCTION = YES;
				GCC_WARN_UNUSED_VARIABLE = YES;
				IPHONEOS_DEPLOYMENT_TARGET = 17.5;
				LOCALIZATION_PREFERS_STRING_CATALOGS = YES;
				MTL_ENABLE_DEBUG_INFO = NO;
				MTL_FAST_MATH = YES;
				SDKROOT = iphoneos;
				SWIFT_COMPILATION_MODE = wholemodule;
				VALIDATE_PRODUCT = YES;
			};
			name = Release;
		};
		B72AD0632C08B9AB0002C903 /* Debug */ = {
			isa = XCBuildConfiguration;
			buildSettings = {
				ASSETCATALOG_COMPILER_APPICON_NAME = AppIcon;
				ASSETCATALOG_COMPILER_GLOBAL_ACCENT_COLOR_NAME = AccentColor;
				CODE_SIGN_ENTITLEMENTS = "IOS UW Marketplace/IOS UW Marketplace.entitlements";
				CODE_SIGN_STYLE = Automatic;
				CURRENT_PROJECT_VERSION = 1;
				DEVELOPMENT_ASSET_PATHS = "\"IOS UW Marketplace/Preview Content\"";
				DEVELOPMENT_TEAM = PTPTVUXK8V;
				ENABLE_PREVIEWS = YES;
				GENERATE_INFOPLIST_FILE = YES;
				INFOPLIST_FILE = "IOS-UW-Marketplace-Info.plist";
				INFOPLIST_KEY_UIApplicationSceneManifest_Generation = YES;
				INFOPLIST_KEY_UIApplicationSupportsIndirectInputEvents = YES;
				INFOPLIST_KEY_UILaunchScreen_Generation = YES;
				INFOPLIST_KEY_UISupportedInterfaceOrientations_iPad = "UIInterfaceOrientationPortrait UIInterfaceOrientationPortraitUpsideDown UIInterfaceOrientationLandscapeLeft UIInterfaceOrientationLandscapeRight";
				INFOPLIST_KEY_UISupportedInterfaceOrientations_iPhone = "UIInterfaceOrientationPortrait UIInterfaceOrientationLandscapeLeft UIInterfaceOrientationLandscapeRight";
				LD_RUNPATH_SEARCH_PATHS = (
					"$(inherited)",
					"@executable_path/Frameworks",
				);
				MARKETING_VERSION = 1.0;
				PRODUCT_BUNDLE_IDENTIFIER = "com.449.auth-";
				PRODUCT_NAME = "$(TARGET_NAME)";
				SWIFT_EMIT_LOC_STRINGS = YES;
				SWIFT_VERSION = 5.0;
				TARGETED_DEVICE_FAMILY = "1,2";
			};
			name = Debug;
		};
		B72AD0642C08B9AB0002C903 /* Release */ = {
			isa = XCBuildConfiguration;
			buildSettings = {
				ASSETCATALOG_COMPILER_APPICON_NAME = AppIcon;
				ASSETCATALOG_COMPILER_GLOBAL_ACCENT_COLOR_NAME = AccentColor;
				CODE_SIGN_ENTITLEMENTS = "IOS UW Marketplace/IOS UW Marketplace.entitlements";
				CODE_SIGN_STYLE = Automatic;
				CURRENT_PROJECT_VERSION = 1;
				DEVELOPMENT_ASSET_PATHS = "\"IOS UW Marketplace/Preview Content\"";
				DEVELOPMENT_TEAM = PTPTVUXK8V;
				ENABLE_PREVIEWS = YES;
				GENERATE_INFOPLIST_FILE = YES;
				INFOPLIST_FILE = "IOS-UW-Marketplace-Info.plist";
				INFOPLIST_KEY_UIApplicationSceneManifest_Generation = YES;
				INFOPLIST_KEY_UIApplicationSupportsIndirectInputEvents = YES;
				INFOPLIST_KEY_UILaunchScreen_Generation = YES;
				INFOPLIST_KEY_UISupportedInterfaceOrientations_iPad = "UIInterfaceOrientationPortrait UIInterfaceOrientationPortraitUpsideDown UIInterfaceOrientationLandscapeLeft UIInterfaceOrientationLandscapeRight";
				INFOPLIST_KEY_UISupportedInterfaceOrientations_iPhone = "UIInterfaceOrientationPortrait UIInterfaceOrientationLandscapeLeft UIInterfaceOrientationLandscapeRight";
				LD_RUNPATH_SEARCH_PATHS = (
					"$(inherited)",
					"@executable_path/Frameworks",
				);
				MARKETING_VERSION = 1.0;
				PRODUCT_BUNDLE_IDENTIFIER = "com.449.auth-";
				PRODUCT_NAME = "$(TARGET_NAME)";
				SWIFT_EMIT_LOC_STRINGS = YES;
				SWIFT_VERSION = 5.0;
				TARGETED_DEVICE_FAMILY = "1,2";
			};
			name = Release;
		};
		B72AD0662C08B9AB0002C903 /* Debug */ = {
			isa = XCBuildConfiguration;
			buildSettings = {
				ALWAYS_EMBED_SWIFT_STANDARD_LIBRARIES = YES;
				BUNDLE_LOADER = "$(TEST_HOST)";
				CODE_SIGN_STYLE = Automatic;
				CURRENT_PROJECT_VERSION = 1;
				DEVELOPMENT_TEAM = 89H77Z6NRT;
				GENERATE_INFOPLIST_FILE = YES;
				IPHONEOS_DEPLOYMENT_TARGET = 17.5;
				MARKETING_VERSION = 1.0;
				PRODUCT_BUNDLE_IDENTIFIER = "edu.uw.ischool.hoangn4.IOS-UW-MarketplaceTests";
				PRODUCT_NAME = "$(TARGET_NAME)";
				SWIFT_EMIT_LOC_STRINGS = NO;
				SWIFT_VERSION = 5.0;
				TARGETED_DEVICE_FAMILY = "1,2";
				TEST_HOST = "$(BUILT_PRODUCTS_DIR)/IOS UW Marketplace.app/$(BUNDLE_EXECUTABLE_FOLDER_PATH)/IOS UW Marketplace";
			};
			name = Debug;
		};
		B72AD0672C08B9AB0002C903 /* Release */ = {
			isa = XCBuildConfiguration;
			buildSettings = {
				ALWAYS_EMBED_SWIFT_STANDARD_LIBRARIES = YES;
				BUNDLE_LOADER = "$(TEST_HOST)";
				CODE_SIGN_STYLE = Automatic;
				CURRENT_PROJECT_VERSION = 1;
				DEVELOPMENT_TEAM = 89H77Z6NRT;
				GENERATE_INFOPLIST_FILE = YES;
				IPHONEOS_DEPLOYMENT_TARGET = 17.5;
				MARKETING_VERSION = 1.0;
				PRODUCT_BUNDLE_IDENTIFIER = "edu.uw.ischool.hoangn4.IOS-UW-MarketplaceTests";
				PRODUCT_NAME = "$(TARGET_NAME)";
				SWIFT_EMIT_LOC_STRINGS = NO;
				SWIFT_VERSION = 5.0;
				TARGETED_DEVICE_FAMILY = "1,2";
				TEST_HOST = "$(BUILT_PRODUCTS_DIR)/IOS UW Marketplace.app/$(BUNDLE_EXECUTABLE_FOLDER_PATH)/IOS UW Marketplace";
			};
			name = Release;
		};
		B72AD0692C08B9AB0002C903 /* Debug */ = {
			isa = XCBuildConfiguration;
			buildSettings = {
				ALWAYS_EMBED_SWIFT_STANDARD_LIBRARIES = YES;
				CODE_SIGN_STYLE = Automatic;
				CURRENT_PROJECT_VERSION = 1;
				DEVELOPMENT_TEAM = 89H77Z6NRT;
				GENERATE_INFOPLIST_FILE = YES;
				MARKETING_VERSION = 1.0;
				PRODUCT_BUNDLE_IDENTIFIER = "edu.uw.ischool.hoangn4.IOS-UW-MarketplaceUITests";
				PRODUCT_NAME = "$(TARGET_NAME)";
				SWIFT_EMIT_LOC_STRINGS = NO;
				SWIFT_VERSION = 5.0;
				TARGETED_DEVICE_FAMILY = "1,2";
				TEST_TARGET_NAME = "IOS UW Marketplace";
			};
			name = Debug;
		};
		B72AD06A2C08B9AB0002C903 /* Release */ = {
			isa = XCBuildConfiguration;
			buildSettings = {
				ALWAYS_EMBED_SWIFT_STANDARD_LIBRARIES = YES;
				CODE_SIGN_STYLE = Automatic;
				CURRENT_PROJECT_VERSION = 1;
				DEVELOPMENT_TEAM = 89H77Z6NRT;
				GENERATE_INFOPLIST_FILE = YES;
				MARKETING_VERSION = 1.0;
				PRODUCT_BUNDLE_IDENTIFIER = "edu.uw.ischool.hoangn4.IOS-UW-MarketplaceUITests";
				PRODUCT_NAME = "$(TARGET_NAME)";
				SWIFT_EMIT_LOC_STRINGS = NO;
				SWIFT_VERSION = 5.0;
				TARGETED_DEVICE_FAMILY = "1,2";
				TEST_TARGET_NAME = "IOS UW Marketplace";
			};
			name = Release;
		};
/* End XCBuildConfiguration section */

/* Begin XCConfigurationList section */
		B72AD0392C08B9AA0002C903 /* Build configuration list for PBXProject "IOS UW Marketplace" */ = {
			isa = XCConfigurationList;
			buildConfigurations = (
				B72AD0602C08B9AB0002C903 /* Debug */,
				B72AD0612C08B9AB0002C903 /* Release */,
			);
			defaultConfigurationIsVisible = 0;
			defaultConfigurationName = Release;
		};
		B72AD0622C08B9AB0002C903 /* Build configuration list for PBXNativeTarget "IOS UW Marketplace" */ = {
			isa = XCConfigurationList;
			buildConfigurations = (
				B72AD0632C08B9AB0002C903 /* Debug */,
				B72AD0642C08B9AB0002C903 /* Release */,
			);
			defaultConfigurationIsVisible = 0;
			defaultConfigurationName = Release;
		};
		B72AD0652C08B9AB0002C903 /* Build configuration list for PBXNativeTarget "IOS UW MarketplaceTests" */ = {
			isa = XCConfigurationList;
			buildConfigurations = (
				B72AD0662C08B9AB0002C903 /* Debug */,
				B72AD0672C08B9AB0002C903 /* Release */,
			);
			defaultConfigurationIsVisible = 0;
			defaultConfigurationName = Release;
		};
		B72AD0682C08B9AB0002C903 /* Build configuration list for PBXNativeTarget "IOS UW MarketplaceUITests" */ = {
			isa = XCConfigurationList;
			buildConfigurations = (
				B72AD0692C08B9AB0002C903 /* Debug */,
				B72AD06A2C08B9AB0002C903 /* Release */,
			);
			defaultConfigurationIsVisible = 0;
			defaultConfigurationName = Release;
		};
/* End XCConfigurationList section */

/* Begin XCRemoteSwiftPackageReference section */
		A62E3D7D2C0D5B65002411B8 /* XCRemoteSwiftPackageReference "mongo-swift-driver" */ = {
			isa = XCRemoteSwiftPackageReference;
			repositoryURL = "https://github.com/mongodb/mongo-swift-driver";
			requirement = {
				branch = main;
				kind = branch;
			};
		};
		B72AD0752C08BAA40002C903 /* XCRemoteSwiftPackageReference "realm-swift" */ = {
			isa = XCRemoteSwiftPackageReference;
			repositoryURL = "https://github.com/realm/realm-swift.git";
			requirement = {
				branch = master;
				kind = branch;
			};
		};
		B78912032C0C77F700F030A9 /* XCRemoteSwiftPackageReference "microsoft-authentication-library-for-objc" */ = {
			isa = XCRemoteSwiftPackageReference;
			repositoryURL = "https://github.com/AzureAD/microsoft-authentication-library-for-objc";
			requirement = {
				kind = upToNextMajorVersion;
				minimumVersion = 1.3.3;
			};
		};
/* End XCRemoteSwiftPackageReference section */

/* Begin XCSwiftPackageProductDependency section */
		B71EEE132C08BB7200D0A0D8 /* RealmSwift */ = {
			isa = XCSwiftPackageProductDependency;
			package = B72AD0752C08BAA40002C903 /* XCRemoteSwiftPackageReference "realm-swift" */;
			productName = RealmSwift;
		};
		B78912042C0C77F700F030A9 /* MSAL */ = {
			isa = XCSwiftPackageProductDependency;
			package = B78912032C0C77F700F030A9 /* XCRemoteSwiftPackageReference "microsoft-authentication-library-for-objc" */;
			productName = MSAL;
		};
/* End XCSwiftPackageProductDependency section */
	};
	rootObject = B72AD0362C08B9AA0002C903 /* Project object */;
}
