{
  "originHash" : "bd1cc7507d995f1111303d3e1169ade91e69a706cccdff6a29e14b7538809583",
  "pins" : [
    {
      "identity" : "microsoft-authentication-library-for-objc",
      "kind" : "remoteSourceControl",
      "location" : "https://github.com/AzureAD/microsoft-authentication-library-for-objc",
      "state" : {
        "revision" : "d2f81ded070ac6452b2a6acb5bc45eb566427fe7",
        "version" : "1.3.3"
      }
    },
    {
      "identity" : "realm-core",
      "kind" : "remoteSourceControl",
      "location" : "https://github.com/realm/realm-core.git",
      "state" : {
        "revision" : "9cf7ef4ad8e2f4c7a519c9a395ca3d253bb87aa8",
        "version" : "14.6.2"
      }
    },
    {
      "identity" : "realm-swift",
      "kind" : "remoteSourceControl",
      "location" : "https://github.com/realm/realm-swift.git",
      "state" : {
        "branch" : "master",
        "revision" : "21ac01d5ae30dcc156e0e43e47c4afe39cc0367f"
      }
    }
  ],
  "version" : 3
}
